
Microsoft Visual Studio Solution File, Format Version 12.00
# Visual Studio Version 17
VisualStudioVersion = 17.8.34316.72
MinimumVisualStudioVersion = 10.0.40219.1
Project("{FAE04EC0-301F-11D3-BF4B-00C04F79EFBC}") = "AlgoritimoGulosoTrabalho", "AlgoritimoGulosoTrabalho.csproj", "{264A73F4-C065-46B1-84FB-2D792835F7CF}"
EndProject
Global
	GlobalSection(SolutionConfigurationPlatforms) = preSolution
		Debug|Any CPU = Debug|Any CPU
		Release|Any CPU = Release|Any CPU
	EndGlobalSection
	GlobalSection(ProjectConfigurationPlatforms) = postSolution
		{264A73F4-C065-46B1-84FB-2D792835F7CF}.Debug|Any CPU.ActiveCfg = Debug|Any CPU
		{264A73F4-C065-46B1-84FB-2D792835F7CF}.Debug|Any CPU.Build.0 = Debug|Any CPU
		{264A73F4-C065-46B1-84FB-2D792835F7CF}.Release|Any CPU.ActiveCfg = Release|Any CPU
		{264A73F4-C065-46B1-84FB-2D792835F7CF}.Release|Any CPU.Build.0 = Release|Any CPU
	EndGlobalSection
	GlobalSection(SolutionProperties) = preSolution
		HideSolutionNode = FALSE
	EndGlobalSection
	GlobalSection(ExtensibilityGlobals) = postSolution
		SolutionGuid = {C3D9178D-8D11-4580-8FE5-57EE6AF4A6F8}
	EndGlobalSection
EndGlobal
